
Microsoft Visual Studio Solution File, Format Version 12.00
# Visual Studio Version 17
VisualStudioVersion = 17.3.32811.315
MinimumVisualStudioVersion = 10.0.40219.1
Project("{FAE04EC0-301F-11D3-BF4B-00C04F79EFBC}") = "BulkyBookWeb", "BulkyBookWeb\BulkyBookWeb.csproj", "{3A869AB1-23EC-4EAC-A017-BCE1B059E4C4}"
EndProject
Global
	GlobalSection(SolutionConfigurationPlatforms) = preSolution
		Debug|Any CPU = Debug|Any CPU
		Release|Any CPU = Release|Any CPU
	EndGlobalSection
	GlobalSection(ProjectConfigurationPlatforms) = postSolution
		{3A869AB1-23EC-4EAC-A017-BCE1B059E4C4}.Debug|Any CPU.ActiveCfg = Debug|Any CPU
		{3A869AB1-23EC-4EAC-A017-BCE1B059E4C4}.Debug|Any CPU.Build.0 = Debug|Any CPU
		{3A869AB1-23EC-4EAC-A017-BCE1B059E4C4}.Release|Any CPU.ActiveCfg = Release|Any CPU
		{3A869AB1-23EC-4EAC-A017-BCE1B059E4C4}.Release|Any CPU.Build.0 = Release|Any CPU
	EndGlobalSection
	GlobalSection(SolutionProperties) = preSolution
		HideSolutionNode = FALSE
	EndGlobalSection
	GlobalSection(ExtensibilityGlobals) = postSolution
		SolutionGuid = {8CE99D1B-4EAD-4F56-8E30-4E435A3AF785}
	EndGlobalSection
EndGlobal
